
Microsoft Visual Studio Solution File, Format Version 12.00
# Visual Studio 2012
Project("{FAE04EC0-301F-11D3-BF4B-00C04F79EFBC}") = "DiffCopyPastaFixer", "DiffCopyPastaFixer\DiffCopyPastaFixer.csproj", "{2C8B9B92-D001-4A68-8243-CDCF3D5D4DE2}"
EndProject
Global
	GlobalSection(SolutionConfigurationPlatforms) = preSolution
		Debug|Any CPU = Debug|Any CPU
		Release|Any CPU = Release|Any CPU
	EndGlobalSection
	GlobalSection(ProjectConfigurationPlatforms) = postSolution
		{2C8B9B92-D001-4A68-8243-CDCF3D5D4DE2}.Debug|Any CPU.ActiveCfg = Debug|Any CPU
		{2C8B9B92-D001-4A68-8243-CDCF3D5D4DE2}.Debug|Any CPU.Build.0 = Debug|Any CPU
		{2C8B9B92-D001-4A68-8243-CDCF3D5D4DE2}.Release|Any CPU.ActiveCfg = Release|Any CPU
		{2C8B9B92-D001-4A68-8243-CDCF3D5D4DE2}.Release|Any CPU.Build.0 = Release|Any CPU
	EndGlobalSection
EndGlobal
